
Microsoft Visual Studio Solution File, Format Version 12.00
# Visual Studio Version 17
VisualStudioVersion = 17.6.33829.357
MinimumVisualStudioVersion = 10.0.40219.1
Project("{FAE04EC0-301F-11D3-BF4B-00C04F79EFBC}") = "BulkyBookWeb", "BulkyBookWeb\BulkyBookWeb.csproj", "{F2F0F49B-70E3-46A8-B452-6A9EF83B451D}"
EndProject
Global
	GlobalSection(SolutionConfigurationPlatforms) = preSolution
		Debug|Any CPU = Debug|Any CPU
		Release|Any CPU = Release|Any CPU
	EndGlobalSection
	GlobalSection(ProjectConfigurationPlatforms) = postSolution
		{F2F0F49B-70E3-46A8-B452-6A9EF83B451D}.Debug|Any CPU.ActiveCfg = Debug|Any CPU
		{F2F0F49B-70E3-46A8-B452-6A9EF83B451D}.Debug|Any CPU.Build.0 = Debug|Any CPU
		{F2F0F49B-70E3-46A8-B452-6A9EF83B451D}.Release|Any CPU.ActiveCfg = Release|Any CPU
		{F2F0F49B-70E3-46A8-B452-6A9EF83B451D}.Release|Any CPU.Build.0 = Release|Any CPU
	EndGlobalSection
	GlobalSection(SolutionProperties) = preSolution
		HideSolutionNode = FALSE
	EndGlobalSection
	GlobalSection(ExtensibilityGlobals) = postSolution
		SolutionGuid = {EAB9D8E8-0D9B-4657-9C98-46A5CE02D49E}
	EndGlobalSection
EndGlobal
